packages:
- package: dbt-labs/audit_helper
  name: audit_helper
  version: 0.13.0
- git: https://github.com/dbt-labs/dbt-codegen.git
  name: codegen
  revision: c4d495b8bb27a1448146dd7c928c56d95003c6f0
- package: calogica/dbt_date
  name: dbt_date
  version: 0.10.1
- package: calogica/dbt_expectations
  name: dbt_expectations
  version: 0.10.4
- package: tnightengale/dbt_meta_testing
  name: dbt_meta_testing
  version: 0.3.6
- package: dbt-labs/dbt_project_evaluator
  name: dbt_project_evaluator
  version: 1.2.4
- package: dbt-labs/dbt_utils
  name: dbt_utils
  version: 1.3.3
sha1_hash: d2bd6712d77d021626515e2075befa50ae68dd50
